
Microsoft Visual Studio Solution File, Format Version 11.00
# Visual Studio 2010
Project("{FAE04EC0-301F-11D3-BF4B-00C04F79EFBC}") = "Frost", "Frost\Frost.csproj", "{5DA3C280-5EBE-4148-BAB5-C700DA0645C2}"
EndProject
Project("{2150E333-8FDC-42A3-9474-1A3956D46DE8}") = "Solution Items", "Solution Items", "{02794A13-6992-4FCD-9C82-7913365C21CE}"
	ProjectSection(SolutionItems) = preProject
		LICENSE = LICENSE
		README = README
	EndProjectSection
EndProject
Project("{FAE04EC0-301F-11D3-BF4B-00C04F79EFBC}") = "Frost.DirectX", "Frost.DirectX\Frost.DirectX.csproj", "{47E1516A-0345-408E-B762-7E4F9D0361F8}"
	ProjectSection(ProjectDependencies) = postProject
		{5DA3C280-5EBE-4148-BAB5-C700DA0645C2} = {5DA3C280-5EBE-4148-BAB5-C700DA0645C2}
	EndProjectSection
EndProject
Project("{FAE04EC0-301F-11D3-BF4B-00C04F79EFBC}") = "Frost.DirectX.Common", "Frost.DirectX.Common\Frost.DirectX.Common.csproj", "{4F35A7DE-5B7B-4271-97C2-6059E685FBC6}"
EndProject
Project("{FAE04EC0-301F-11D3-BF4B-00C04F79EFBC}") = "Frost.DirectX.Composition", "Frost.DirectX.Composition\Frost.DirectX.Composition.csproj", "{2EA01B9A-898F-425F-B65A-D6A2225CFD05}"
EndProject
Project("{FAE04EC0-301F-11D3-BF4B-00C04F79EFBC}") = "Frost.DirectX.Painting", "Frost.DirectX.Painting\Frost.DirectX.Painting.csproj", "{5F6DDFC5-EFAF-4930-B7DC-75CF46582184}"
EndProject
Project("{FAE04EC0-301F-11D3-BF4B-00C04F79EFBC}") = "Frost.DirectX.Formatting", "Frost.DirectX.Formatting\Frost.DirectX.Formatting.csproj", "{C168162F-F8DF-4898-AAB1-03F0B2EF4ED0}"
EndProject
Project("{FAE04EC0-301F-11D3-BF4B-00C04F79EFBC}") = "Demo.Framework", "Demo.Framework\Demo.Framework.csproj", "{A95A4341-032C-43A2-89B0-7BA3B7773C4E}"
EndProject
Project("{FAE04EC0-301F-11D3-BF4B-00C04F79EFBC}") = "Demo.Formatting", "Demo.Formatting\Demo.Formatting.csproj", "{D285B2F5-245D-4C5D-8713-67080B368676}"
EndProject
Project("{FAE04EC0-301F-11D3-BF4B-00C04F79EFBC}") = "Demo.SDF", "Demo.SDF\Demo.SDF.csproj", "{E02B1C78-C8A7-4F6A-B514-E144495820B3}"
EndProject
Global
	GlobalSection(SolutionConfigurationPlatforms) = preSolution
		Debug|Any CPU = Debug|Any CPU
		Release|Any CPU = Release|Any CPU
	EndGlobalSection
	GlobalSection(ProjectConfigurationPlatforms) = postSolution
		{5DA3C280-5EBE-4148-BAB5-C700DA0645C2}.Debug|Any CPU.ActiveCfg = Debug|Any CPU
		{5DA3C280-5EBE-4148-BAB5-C700DA0645C2}.Debug|Any CPU.Build.0 = Debug|Any CPU
		{5DA3C280-5EBE-4148-BAB5-C700DA0645C2}.Release|Any CPU.ActiveCfg = Release|Any CPU
		{5DA3C280-5EBE-4148-BAB5-C700DA0645C2}.Release|Any CPU.Build.0 = Release|Any CPU
		{47E1516A-0345-408E-B762-7E4F9D0361F8}.Debug|Any CPU.ActiveCfg = Debug|Any CPU
		{47E1516A-0345-408E-B762-7E4F9D0361F8}.Debug|Any CPU.Build.0 = Debug|Any CPU
		{47E1516A-0345-408E-B762-7E4F9D0361F8}.Release|Any CPU.ActiveCfg = Release|Any CPU
		{47E1516A-0345-408E-B762-7E4F9D0361F8}.Release|Any CPU.Build.0 = Release|Any CPU
		{4F35A7DE-5B7B-4271-97C2-6059E685FBC6}.Debug|Any CPU.ActiveCfg = Debug|Any CPU
		{4F35A7DE-5B7B-4271-97C2-6059E685FBC6}.Debug|Any CPU.Build.0 = Debug|Any CPU
		{4F35A7DE-5B7B-4271-97C2-6059E685FBC6}.Release|Any CPU.ActiveCfg = Release|Any CPU
		{4F35A7DE-5B7B-4271-97C2-6059E685FBC6}.Release|Any CPU.Build.0 = Release|Any CPU
		{2EA01B9A-898F-425F-B65A-D6A2225CFD05}.Debug|Any CPU.ActiveCfg = Debug|Any CPU
		{2EA01B9A-898F-425F-B65A-D6A2225CFD05}.Debug|Any CPU.Build.0 = Debug|Any CPU
		{2EA01B9A-898F-425F-B65A-D6A2225CFD05}.Release|Any CPU.ActiveCfg = Release|Any CPU
		{2EA01B9A-898F-425F-B65A-D6A2225CFD05}.Release|Any CPU.Build.0 = Release|Any CPU
		{5F6DDFC5-EFAF-4930-B7DC-75CF46582184}.Debug|Any CPU.ActiveCfg = Debug|Any CPU
		{5F6DDFC5-EFAF-4930-B7DC-75CF46582184}.Debug|Any CPU.Build.0 = Debug|Any CPU
		{5F6DDFC5-EFAF-4930-B7DC-75CF46582184}.Release|Any CPU.ActiveCfg = Release|Any CPU
		{5F6DDFC5-EFAF-4930-B7DC-75CF46582184}.Release|Any CPU.Build.0 = Release|Any CPU
		{C168162F-F8DF-4898-AAB1-03F0B2EF4ED0}.Debug|Any CPU.ActiveCfg = Debug|Any CPU
		{C168162F-F8DF-4898-AAB1-03F0B2EF4ED0}.Debug|Any CPU.Build.0 = Debug|Any CPU
		{C168162F-F8DF-4898-AAB1-03F0B2EF4ED0}.Release|Any CPU.ActiveCfg = Release|Any CPU
		{C168162F-F8DF-4898-AAB1-03F0B2EF4ED0}.Release|Any CPU.Build.0 = Release|Any CPU
		{A95A4341-032C-43A2-89B0-7BA3B7773C4E}.Debug|Any CPU.ActiveCfg = Debug|Any CPU
		{A95A4341-032C-43A2-89B0-7BA3B7773C4E}.Debug|Any CPU.Build.0 = Debug|Any CPU
		{A95A4341-032C-43A2-89B0-7BA3B7773C4E}.Release|Any CPU.ActiveCfg = Release|Any CPU
		{A95A4341-032C-43A2-89B0-7BA3B7773C4E}.Release|Any CPU.Build.0 = Release|Any CPU
		{D285B2F5-245D-4C5D-8713-67080B368676}.Debug|Any CPU.ActiveCfg = Debug|Any CPU
		{D285B2F5-245D-4C5D-8713-67080B368676}.Debug|Any CPU.Build.0 = Debug|Any CPU
		{D285B2F5-245D-4C5D-8713-67080B368676}.Release|Any CPU.ActiveCfg = Release|Any CPU
		{D285B2F5-245D-4C5D-8713-67080B368676}.Release|Any CPU.Build.0 = Release|Any CPU
		{E02B1C78-C8A7-4F6A-B514-E144495820B3}.Debug|Any CPU.ActiveCfg = Debug|Any CPU
		{E02B1C78-C8A7-4F6A-B514-E144495820B3}.Debug|Any CPU.Build.0 = Debug|Any CPU
		{E02B1C78-C8A7-4F6A-B514-E144495820B3}.Release|Any CPU.ActiveCfg = Release|Any CPU
		{E02B1C78-C8A7-4F6A-B514-E144495820B3}.Release|Any CPU.Build.0 = Release|Any CPU
	EndGlobalSection
	GlobalSection(SolutionProperties) = preSolution
		HideSolutionNode = FALSE
	EndGlobalSection
EndGlobal
